{
  "name": "detect-writing-scripts",
  "version": "1.0.0",
  "lockfileVersion": 2,
  "requires": true,
  "packages": {
    "": {
      "name": "detect-writing-scripts",
      "version": "1.0.0",
      "license": "BSD-3-Clause",
      "devDependencies": {
        "@unicode/unicode-15.0.0": "^1.3.0"
      }
    },
    "node_modules/@unicode/unicode-15.0.0": {
      "version": "1.3.0",
      "resolved": "https://registry.npmjs.org/@unicode/unicode-15.0.0/-/unicode-15.0.0-1.3.0.tgz",
      "integrity": "sha512-7/rXi8t9CcsJnXr6Lku+CxY+p67Rc0aLJ0CUx1lawlTRWWelyRQ7CO8dGt5MKu1wsrqMUq5x0fCPrEb5pIPIkQ==",
      "dev": true
    }
  },
  "dependencies": {
    "@unicode/unicode-15.0.0": {
      "version": "1.3.0",
      "resolved": "https://registry.npmjs.org/@unicode/unicode-15.0.0/-/unicode-15.0.0-1.3.0.tgz",
      "integrity": "sha512-7/rXi8t9CcsJnXr6Lku+CxY+p67Rc0aLJ0CUx1lawlTRWWelyRQ7CO8dGt5MKu1wsrqMUq5x0fCPrEb5pIPIkQ==",
      "dev": true
    }
  }
}
